{
  "name": "local-diffe-debug",
  "lockfileVersion": 3,
  "requires": true,
  "packages": {
    "": {
      "name": "local-diffe-debug",
      "dependencies": {
        "rustwright": "latest"
      }
    },
    "node_modules/rustwright": {
      "version": "0.3.0",
      "resolved": "https://registry.npmjs.org/rustwright/-/rustwright-0.3.0.tgz",
      "integrity": "sha512-bcGzSWZ1kGg2h/gL8j7tbMQ2d7GhN9XrdLPDxSyj4grEtRC2z8uwSLtlQcPMiwYGku9hqTxf4GuEZPYHvP7PAg==",
      "license": "MIT"
    }
  }
}
